{
  "name": "accio",
  "version": "1.0.0",
  "lockfileVersion": 1,
  "requires": true,
  "dependencies": {
    "netlify-plugin-out-of-minutes": {
      "version": "1.1.0",
      "resolved": "https://registry.npmjs.org/netlify-plugin-out-of-minutes/-/netlify-plugin-out-of-minutes-1.1.0.tgz",
      "integrity": "sha512-82IZ6FrvvCCyHt88veB02AtPYzM/QNzXoWrDA4VQMfLbykl6djaHpYO3EKJldH+L5/gpeYDvrQ3s0Jj4Fckiaw==",
      "requires": {
        "node-fetch": "~2.6"
      }
    },
    "node-fetch": {
      "version": "2.6.0",
      "resolved": "https://registry.npmjs.org/node-fetch/-/node-fetch-2.6.0.tgz",
      "integrity": "sha512-8dG4H5ujfvFiqDmVu9fQ5bOHUC15JMjMY/Zumv26oOvvVJjM67KF8koCWIabKQ1GJIa9r2mMZscBq/TbdOcmNA=="
    }
  }
}
